<?xml version="1.0" encoding="utf-8"?>
<Project ToolsVersion="4.0" xmlns="http://schemas.microsoft.com/developer/msbuild/2003">
  <ItemGroup>
    <Filter Include="Source Files">
      <UniqueIdentifier>{4b28f505-ce1a-4fd8-8d1b-88fdc47ebc2f}</UniqueIdentifier>
      <Extensions>cpp;c;cxx;def;odl;idl;hpj;bat;asm</Extensions>
    </Filter>
    <Filter Include="Header Files">
      <UniqueIdentifier>{369677a2-1113-4188-88ab-4a44167162f0}</UniqueIdentifier>
      <Extensions>h;hpp;hxx;hm;inl;inc</Extensions>
    </Filter>
    <Filter Include="Resource Files">
      <UniqueIdentifier>{dbb7954c-ecb0-458f-bd32-8fa23f8e6113}</UniqueIdentifier>
      <Extensions>rc;ico;cur;bmp;dlg;rc2;rct;bin;rgs;gif;jpg;jpeg;jpe</Extensions>
    </Filter>
  </ItemGroup>
  <ItemGroup>
    <ClCompile Include="MQ2Py.cpp">
      <Filter>Source Files</Filter>
    </ClCompile>
    <ClCompile Include="MQ2PyExt.cpp">
      <Filter>Source Files</Filter>
    </ClCompile>
    <ClCompile Include="MQ2PyExt_Character.cpp">
      <Filter>Source Files</Filter>
    </ClCompile>
    <ClCompile Include="MQ2PyExt_Command.cpp">
      <Filter>Source Files</Filter>
    </ClCompile>
    <ClCompile Include="MQ2PyExt_DataWrapper.cpp">
      <Filter>Source Files</Filter>
    </ClCompile>
    <ClCompile Include="MQ2PyExt_Enum.cpp">
      <Filter>Source Files</Filter>
    </ClCompile>
    <ClCompile Include="MQ2PyExt_Guild.cpp">
      <Filter>Source Files</Filter>
    </ClCompile>
    <ClCompile Include="MQ2PyExt_Item.cpp">
      <Filter>Source Files</Filter>
    </ClCompile>
    <ClCompile Include="MQ2PyExt_Plugin.cpp">
      <Filter>Source Files</Filter>
    </ClCompile>
    <ClCompile Include="MQ2PyExt_Spawn.cpp">
      <Filter>Source Files</Filter>
    </ClCompile>
    <ClCompile Include="MQ2PyExt_Spell.cpp">
      <Filter>Source Files</Filter>
    </ClCompile>
    <ClCompile Include="MQ2PyPCH.cpp">
      <Filter>Source Files</Filter>
    </ClCompile>
    <ClCompile Include="MQ2PyWnd.cpp">
      <Filter>Source Files</Filter>
    </ClCompile>
  </ItemGroup>
  <ItemGroup>
    <ClInclude Include="MQ2Py.h">
      <Filter>Header Files</Filter>
    </ClInclude>
    <ClInclude Include="MQ2PyExt.h">
      <Filter>Header Files</Filter>
    </ClInclude>
    <ClInclude Include="MQ2PyExt_Character.h">
      <Filter>Header Files</Filter>
    </ClInclude>
    <ClInclude Include="MQ2PyExt_DataWrapper.h">
      <Filter>Header Files</Filter>
    </ClInclude>
    <ClInclude Include="MQ2PyExt_Item.h">
      <Filter>Header Files</Filter>
    </ClInclude>
    <ClInclude Include="MQ2PyExt_Spawn.h">
      <Filter>Header Files</Filter>
    </ClInclude>
    <ClInclude Include="MQ2PyExt_Spell.h">
      <Filter>Header Files</Filter>
    </ClInclude>
    <ClInclude Include="MQ2PyPCH.h">
      <Filter>Header Files</Filter>
    </ClInclude>
  </ItemGroup>
  <ItemGroup>
    <None Include="..\Debug\Scripts\Lib\mq2\__init__.py">
      <Filter>Resource Files</Filter>
    </None>
    <None Include="packages.config" />
  </ItemGroup>
</Project>